// !$*UTF8*$!
{
	archiveVersion = 1;
	classes = {
	};
	objectVersion = 50;
	objects = {

/* Begin PBXBuildFile section */
		81A6118021F30AB6004C0581 /* AppDelegate.swift in Sources */ = {isa = PBXBuildFile; fileRef = 81A6117F21F30AB6004C0581 /* AppDelegate.swift */; };
		81A6118221F30AB6004C0581 /* ViewController.swift in Sources */ = {isa = PBXBuildFile; fileRef = 81A6118121F30AB6004C0581 /* ViewController.swift */; };
		81A6118521F30AB6004C0581 /* Main.storyboard in Resources */ = {isa = PBXBuildFile; fileRef = 81A6118321F30AB6004C0581 /* Main.storyboard */; };
		81A6118721F30AB7004C0581 /* Assets.xcassets in Resources */ = {isa = PBXBuildFile; fileRef = 81A6118621F30AB7004C0581 /* Assets.xcassets */; };
		81A6118A21F30AB7004C0581 /* LaunchScreen.storyboard in Resources */ = {isa = PBXBuildFile; fileRef = 81A6118821F30AB7004C0581 /* LaunchScreen.storyboard */; };
		81A6119621F31843004C0581 /* CardViewController.xib in Resources */ = {isa = PBXBuildFile; fileRef = 81A6119521F31843004C0581 /* CardViewController.xib */; };
		81A6119C21F31A87004C0581 /* CardViewController.swift in Sources */ = {isa = PBXBuildFile; fileRef = 81A6119B21F31A87004C0581 /* CardViewController.swift */; };
		81A611A721F35E47004C0581 /* PhotoCell.swift in Sources */ = {isa = PBXBuildFile; fileRef = 81A611A521F35E47004C0581 /* PhotoCell.swift */; };
		81A611A821F35E47004C0581 /* PhotoCell.xib in Resources */ = {isa = PBXBuildFile; fileRef = 81A611A621F35E47004C0581 /* PhotoCell.xib */; };
		81A611AB21F35F90004C0581 /* ContentDynamicLayout.swift in Sources */ = {isa = PBXBuildFile; fileRef = 81A611AA21F35F90004C0581 /* ContentDynamicLayout.swift */; };
		81A611AD21F35FD5004C0581 /* InstagramStyleFLowLayout.swift in Sources */ = {isa = PBXBuildFile; fileRef = 81A611AC21F35FD5004C0581 /* InstagramStyleFLowLayout.swift */; };
/* End PBXBuildFile section */

/* Begin PBXFileReference section */
		81A6117C21F30AB6004C0581 /* CoderImagePicker.app */ = {isa = PBXFileReference; explicitFileType = wrapper.application; includeInIndex = 0; path = CoderImagePicker.app; sourceTree = BUILT_PRODUCTS_DIR; };
		81A6117F21F30AB6004C0581 /* AppDelegate.swift */ = {isa = PBXFileReference; lastKnownFileType = sourcecode.swift; path = AppDelegate.swift; sourceTree = "<group>"; };
		81A6118121F30AB6004C0581 /* ViewController.swift */ = {isa = PBXFileReference; lastKnownFileType = sourcecode.swift; path = ViewController.swift; sourceTree = "<group>"; };
		81A6118421F30AB6004C0581 /* Base */ = {isa = PBXFileReference; lastKnownFileType = file.storyboard; name = Base; path = Base.lproj/Main.storyboard; sourceTree = "<group>"; };
		81A6118621F30AB7004C0581 /* Assets.xcassets */ = {isa = PBXFileReference; lastKnownFileType = folder.assetcatalog; path = Assets.xcassets; sourceTree = "<group>"; };
		81A6118921F30AB7004C0581 /* Base */ = {isa = PBXFileReference; lastKnownFileType = file.storyboard; name = Base; path = Base.lproj/LaunchScreen.storyboard; sourceTree = "<group>"; };
		81A6118B21F30AB7004C0581 /* Info.plist */ = {isa = PBXFileReference; lastKnownFileType = text.plist.xml; path = Info.plist; sourceTree = "<group>"; };
		81A6119521F31843004C0581 /* CardViewController.xib */ = {isa = PBXFileReference; lastKnownFileType = file.xib; path = CardViewController.xib; sourceTree = "<group>"; };
		81A6119B21F31A87004C0581 /* CardViewController.swift */ = {isa = PBXFileReference; lastKnownFileType = sourcecode.swift; path = CardViewController.swift; sourceTree = "<group>"; };
		81A611A521F35E47004C0581 /* PhotoCell.swift */ = {isa = PBXFileReference; lastKnownFileType = sourcecode.swift; path = PhotoCell.swift; sourceTree = "<group>"; };
		81A611A621F35E47004C0581 /* PhotoCell.xib */ = {isa = PBXFileReference; lastKnownFileType = file.xib; path = PhotoCell.xib; sourceTree = "<group>"; };
		81A611AA21F35F90004C0581 /* ContentDynamicLayout.swift */ = {isa = PBXFileReference; lastKnownFileType = sourcecode.swift; path = ContentDynamicLayout.swift; sourceTree = "<group>"; };
		81A611AC21F35FD5004C0581 /* InstagramStyleFLowLayout.swift */ = {isa = PBXFileReference; lastKnownFileType = sourcecode.swift; path = InstagramStyleFLowLayout.swift; sourceTree = "<group>"; };
/* End PBXFileReference section */

/* Begin PBXFrameworksBuildPhase section */
		81A6117921F30AB6004C0581 /* Frameworks */ = {
			isa = PBXFrameworksBuildPhase;
			buildActionMask = 2147483647;
			files = (
			);
			runOnlyForDeploymentPostprocessing = 0;
		};
/* End PBXFrameworksBuildPhase section */

/* Begin PBXGroup section */
		81A6117321F30AB6004C0581 = {
			isa = PBXGroup;
			children = (
				81A6117E21F30AB6004C0581 /* CoderImagePicker */,
				81A6117D21F30AB6004C0581 /* Products */,
			);
			sourceTree = "<group>";
		};
		81A6117D21F30AB6004C0581 /* Products */ = {
			isa = PBXGroup;
			children = (
				81A6117C21F30AB6004C0581 /* CoderImagePicker.app */,
			);
			name = Products;
			sourceTree = "<group>";
		};
		81A6117E21F30AB6004C0581 /* CoderImagePicker */ = {
			isa = PBXGroup;
			children = (
				81A611A921F35F75004C0581 /* Instagram Layout */,
				81A6117F21F30AB6004C0581 /* AppDelegate.swift */,
				81A6118121F30AB6004C0581 /* ViewController.swift */,
				81A6118321F30AB6004C0581 /* Main.storyboard */,
				81A6118821F30AB7004C0581 /* LaunchScreen.storyboard */,
				81A6118621F30AB7004C0581 /* Assets.xcassets */,
				81A6118B21F30AB7004C0581 /* Info.plist */,
				81A6119521F31843004C0581 /* CardViewController.xib */,
				81A6119B21F31A87004C0581 /* CardViewController.swift */,
				81A611A521F35E47004C0581 /* PhotoCell.swift */,
				81A611A621F35E47004C0581 /* PhotoCell.xib */,
			);
			path = CoderImagePicker;
			sourceTree = "<group>";
		};
		81A611A921F35F75004C0581 /* Instagram Layout */ = {
			isa = PBXGroup;
			children = (
				81A611AA21F35F90004C0581 /* ContentDynamicLayout.swift */,
				81A611AC21F35FD5004C0581 /* InstagramStyleFLowLayout.swift */,
			);
			path = "Instagram Layout";
			sourceTree = "<group>";
		};
/* End PBXGroup section */

/* Begin PBXNativeTarget section */
		81A6117B21F30AB6004C0581 /* CoderImagePicker */ = {
			isa = PBXNativeTarget;
			buildConfigurationList = 81A6118E21F30AB7004C0581 /* Build configuration list for PBXNativeTarget "CoderImagePicker" */;
			buildPhases = (
				81A6117821F30AB6004C0581 /* Sources */,
				81A6117921F30AB6004C0581 /* Frameworks */,
				81A6117A21F30AB6004C0581 /* Resources */,
			);
			buildRules = (
			);
			dependencies = (
			);
			name = CoderImagePicker;
			productName = CoderImagePicker;
			productReference = 81A6117C21F30AB6004C0581 /* CoderImagePicker.app */;
			productType = "com.apple.product-type.application";
		};
/* End PBXNativeTarget section */

/* Begin PBXProject section */
		81A6117421F30AB6004C0581 /* Project object */ = {
			isa = PBXProject;
			attributes = {
				LastSwiftUpdateCheck = 1010;
				LastUpgradeCheck = 1010;
				ORGANIZATIONNAME = "Onur Işık";
				TargetAttributes = {
					81A6117B21F30AB6004C0581 = {
						CreatedOnToolsVersion = 10.1;
					};
				};
			};
			buildConfigurationList = 81A6117721F30AB6004C0581 /* Build configuration list for PBXProject "CoderImagePicker" */;
			compatibilityVersion = "Xcode 9.3";
			developmentRegion = en;
			hasScannedForEncodings = 0;
			knownRegions = (
				en,
				Base,
			);
			mainGroup = 81A6117321F30AB6004C0581;
			productRefGroup = 81A6117D21F30AB6004C0581 /* Products */;
			projectDirPath = "";
			projectRoot = "";
			targets = (
				81A6117B21F30AB6004C0581 /* CoderImagePicker */,
			);
		};
/* End PBXProject section */

/* Begin PBXResourcesBuildPhase section */
		81A6117A21F30AB6004C0581 /* Resources */ = {
			isa = PBXResourcesBuildPhase;
			buildActionMask = 2147483647;
			files = (
				81A6119621F31843004C0581 /* CardViewController.xib in Resources */,
				81A6118A21F30AB7004C0581 /* LaunchScreen.storyboard in Resources */,
				81A6118721F30AB7004C0581 /* Assets.xcassets in Resources */,
				81A6118521F30AB6004C0581 /* Main.storyboard in Resources */,
				81A611A821F35E47004C0581 /* PhotoCell.xib in Resources */,
			);
			runOnlyForDeploymentPostprocessing = 0;
		};
/* End PBXResourcesBuildPhase section */

/* Begin PBXSourcesBuildPhase section */
		81A6117821F30AB6004C0581 /* Sources */ = {
			isa = PBXSourcesBuildPhase;
			buildActionMask = 2147483647;
			files = (
				81A611AB21F35F90004C0581 /* ContentDynamicLayout.swift in Sources */,
				81A611A721F35E47004C0581 /* PhotoCell.swift in Sources */,
				81A611AD21F35FD5004C0581 /* InstagramStyleFLowLayout.swift in Sources */,
				81A6118221F30AB6004C0581 /* ViewController.swift in Sources */,
				81A6118021F30AB6004C0581 /* AppDelegate.swift in Sources */,
				81A6119C21F31A87004C0581 /* CardViewController.swift in Sources */,
			);
			runOnlyForDeploymentPostprocessing = 0;
		};
/* End PBXSourcesBuildPhase section */

/* Begin PBXVariantGroup section */
		81A6118321F30AB6004C0581 /* Main.storyboard */ = {
			isa = PBXVariantGroup;
			children = (
				81A6118421F30AB6004C0581 /* Base */,
			);
			name = Main.storyboard;
			sourceTree = "<group>";
		};
		81A6118821F30AB7004C0581 /* LaunchScreen.storyboard */ = {
			isa = PBXVariantGroup;
			children = (
				81A6118921F30AB7004C0581 /* Base */,
			);
			name = LaunchScreen.storyboard;
			sourceTree = "<group>";
		};
/* End PBXVariantGroup section */

/* Begin XCBuildConfiguration section */
		81A6118C21F30AB7004C0581 /* Debug */ = {
			isa = XCBuildConfiguration;
			buildSettings = {
				ALWAYS_SEARCH_USER_PATHS = NO;
				CLANG_ANALYZER_NONNULL = YES;
				CLANG_ANALYZER_NUMBER_OBJECT_CONVERSION = YES_AGGRESSIVE;
				CLANG_CXX_LANGUAGE_STANDARD = "gnu++14";
				CLANG_CXX_LIBRARY = "libc++";
				CLANG_ENABLE_MODULES = YES;
				CLANG_ENABLE_OBJC_ARC = YES;
				CLANG_ENABLE_OBJC_WEAK = YES;
				CLANG_WARN_BLOCK_CAPTURE_AUTORELEASING = YES;
				CLANG_WARN_BOOL_CONVERSION = YES;
				CLANG_WARN_COMMA = YES;
				CLANG_WARN_CONSTANT_CONVERSION = YES;
				CLANG_WARN_DEPRECATED_OBJC_IMPLEMENTATIONS = YES;
				CLANG_WARN_DIRECT_OBJC_ISA_USAGE = YES_ERROR;
				CLANG_WARN_DOCUMENTATION_COMMENTS = YES;
				CLANG_WARN_EMPTY_BODY = YES;
				CLANG_WARN_ENUM_CONVERSION = YES;
				CLANG_WARN_INFINITE_RECURSION = YES;
				CLANG_WARN_INT_CONVERSION = YES;
				CLANG_WARN_NON_LITERAL_NULL_CONVERSION = YES;
				CLANG_WARN_OBJC_IMPLICIT_RETAIN_SELF = YES;
				CLANG_WARN_OBJC_LITERAL_CONVERSION = YES;
				CLANG_WARN_OBJC_ROOT_CLASS = YES_ERROR;
				CLANG_WARN_RANGE_LOOP_ANALYSIS = YES;
				CLANG_WARN_STRICT_PROTOTYPES = YES;
				CLANG_WARN_SUSPICIOUS_MOVE = YES;
				CLANG_WARN_UNGUARDED_AVAILABILITY = YES_AGGRESSIVE;
				CLANG_WARN_UNREACHABLE_CODE = YES;
				CLANG_WARN__DUPLICATE_METHOD_MATCH = YES;
				CODE_SIGN_IDENTITY = "iPhone Developer";
				COPY_PHASE_STRIP = NO;
				DEBUG_INFORMATION_FORMAT = dwarf;
				ENABLE_STRICT_OBJC_MSGSEND = YES;
				ENABLE_TESTABILITY = YES;
				GCC_C_LANGUAGE_STANDARD = gnu11;
				GCC_DYNAMIC_NO_PIC = NO;
				GCC_NO_COMMON_BLOCKS = YES;
				GCC_OPTIMIZATION_LEVEL = 0;
				GCC_PREPROCESSOR_DEFINITIONS = (
					"DEBUG=1",
					"$(inherited)",
				);
				GCC_WARN_64_TO_32_BIT_CONVERSION = YES;
				GCC_WARN_ABOUT_RETURN_TYPE = YES_ERROR;
				GCC_WARN_UNDECLARED_SELECTOR = YES;
				GCC_WARN_UNINITIALIZED_AUTOS = YES_AGGRESSIVE;
				GCC_WARN_UNUSED_FUNCTION = YES;
				GCC_WARN_UNUSED_VARIABLE = YES;
				IPHONEOS_DEPLOYMENT_TARGET = 12.1;
				MTL_ENABLE_DEBUG_INFO = INCLUDE_SOURCE;
				MTL_FAST_MATH = YES;
				ONLY_ACTIVE_ARCH = YES;
				SDKROOT = iphoneos;
				SWIFT_ACTIVE_COMPILATION_CONDITIONS = DEBUG;
				SWIFT_OPTIMIZATION_LEVEL = "-Onone";
			};
			name = Debug;
		};
		81A6118D21F30AB7004C0581 /* Release */ = {
			isa = XCBuildConfiguration;
			buildSettings = {
				ALWAYS_SEARCH_USER_PATHS = NO;
				CLANG_ANALYZER_NONNULL = YES;
				CLANG_ANALYZER_NUMBER_OBJECT_CONVERSION = YES_AGGRESSIVE;
				CLANG_CXX_LANGUAGE_STANDARD = "gnu++14";
				CLANG_CXX_LIBRARY = "libc++";
				CLANG_ENABLE_MODULES = YES;
				CLANG_ENABLE_OBJC_ARC = YES;
				CLANG_ENABLE_OBJC_WEAK = YES;
				CLANG_WARN_BLOCK_CAPTURE_AUTORELEASING = YES;
				CLANG_WARN_BOOL_CONVERSION = YES;
				CLANG_WARN_COMMA = YES;
				CLANG_WARN_CONSTANT_CONVERSION = YES;
				CLANG_WARN_DEPRECATED_OBJC_IMPLEMENTATIONS = YES;
				CLANG_WARN_DIRECT_OBJC_ISA_USAGE = YES_ERROR;
				CLANG_WARN_DOCUMENTATION_COMMENTS = YES;
				CLANG_WARN_EMPTY_BODY = YES;
				CLANG_WARN_ENUM_CONVERSION = YES;
				CLANG_WARN_INFINITE_RECURSION = YES;
				CLANG_WARN_INT_CONVERSION = YES;
				CLANG_WARN_NON_LITERAL_NULL_CONVERSION = YES;
				CLANG_WARN_OBJC_IMPLICIT_RETAIN_SELF = YES;
				CLANG_WARN_OBJC_LITERAL_CONVERSION = YES;
				CLANG_WARN_OBJC_ROOT_CLASS = YES_ERROR;
				CLANG_WARN_RANGE_LOOP_ANALYSIS = YES;
				CLANG_WARN_STRICT_PROTOTYPES = YES;
				CLANG_WARN_SUSPICIOUS_MOVE = YES;
				CLANG_WARN_UNGUARDED_AVAILABILITY = YES_AGGRESSIVE;
				CLANG_WARN_UNREACHABLE_CODE = YES;
				CLANG_WARN__DUPLICATE_METHOD_MATCH = YES;
				CODE_SIGN_IDENTITY = "iPhone Developer";
				COPY_PHASE_STRIP = NO;
				DEBUG_INFORMATION_FORMAT = "dwarf-with-dsym";
				ENABLE_NS_ASSERTIONS = NO;
				ENABLE_STRICT_OBJC_MSGSEND = YES;
				GCC_C_LANGUAGE_STANDARD = gnu11;
				GCC_NO_COMMON_BLOCKS = YES;
				GCC_WARN_64_TO_32_BIT_CONVERSION = YES;
				GCC_WARN_ABOUT_RETURN_TYPE = YES_ERROR;
				GCC_WARN_UNDECLARED_SELECTOR = YES;
				GCC_WARN_UNINITIALIZED_AUTOS = YES_AGGRESSIVE;
				GCC_WARN_UNUSED_FUNCTION = YES;
				GCC_WARN_UNUSED_VARIABLE = YES;
				IPHONEOS_DEPLOYMENT_TARGET = 12.1;
				MTL_ENABLE_DEBUG_INFO = NO;
				MTL_FAST_MATH = YES;
				SDKROOT = iphoneos;
				SWIFT_COMPILATION_MODE = wholemodule;
				SWIFT_OPTIMIZATION_LEVEL = "-O";
				VALIDATE_PRODUCT = YES;
			};
			name = Release;
		};
		81A6118F21F30AB7004C0581 /* Debug */ = {
			isa = XCBuildConfiguration;
			buildSettings = {
				ASSETCATALOG_COMPILER_APPICON_NAME = AppIcon;
				CODE_SIGN_STYLE = Automatic;
				DEVELOPMENT_TEAM = N26XM7U465;
				INFOPLIST_FILE = CoderImagePicker/Info.plist;
				IPHONEOS_DEPLOYMENT_TARGET = 10.0;
				LD_RUNPATH_SEARCH_PATHS = (
					"$(inherited)",
					"@executable_path/Frameworks",
				);
				PRODUCT_BUNDLE_IDENTIFIER = com.coder.imagePicker.CoderImagePicker;
				PRODUCT_NAME = "$(TARGET_NAME)";
				SWIFT_VERSION = 4.2;
				TARGETED_DEVICE_FAMILY = "1,2";
			};
			name = Debug;
		};
		81A6119021F30AB7004C0581 /* Release */ = {
			isa = XCBuildConfiguration;
			buildSettings = {
				ASSETCATALOG_COMPILER_APPICON_NAME = AppIcon;
				CODE_SIGN_STYLE = Automatic;
				DEVELOPMENT_TEAM = N26XM7U465;
				INFOPLIST_FILE = CoderImagePicker/Info.plist;
				IPHONEOS_DEPLOYMENT_TARGET = 10.0;
				LD_RUNPATH_SEARCH_PATHS = (
					"$(inherited)",
					"@executable_path/Frameworks",
				);
				PRODUCT_BUNDLE_IDENTIFIER = com.coder.imagePicker.CoderImagePicker;
				PRODUCT_NAME = "$(TARGET_NAME)";
				SWIFT_VERSION = 4.2;
				TARGETED_DEVICE_FAMILY = "1,2";
			};
			name = Release;
		};
/* End XCBuildConfiguration section */

/* Begin XCConfigurationList section */
		81A6117721F30AB6004C0581 /* Build configuration list for PBXProject "CoderImagePicker" */ = {
			isa = XCConfigurationList;
			buildConfigurations = (
				81A6118C21F30AB7004C0581 /* Debug */,
				81A6118D21F30AB7004C0581 /* Release */,
			);
			defaultConfigurationIsVisible = 0;
			defaultConfigurationName = Release;
		};
		81A6118E21F30AB7004C0581 /* Build configuration list for PBXNativeTarget "CoderImagePicker" */ = {
			isa = XCConfigurationList;
			buildConfigurations = (
				81A6118F21F30AB7004C0581 /* Debug */,
				81A6119021F30AB7004C0581 /* Release */,
			);
			defaultConfigurationIsVisible = 0;
			defaultConfigurationName = Release;
		};
/* End XCConfigurationList section */
	};
	rootObject = 81A6117421F30AB6004C0581 /* Project object */;
}
